# THIS IS AN AUTOGENERATED FILE. DO NOT EDIT THIS FILE DIRECTLY.
# yarn lockfile v1


"@babel/helper-validator-identifier@^7.14.5":
  version "7.14.5"
  resolved "https://registry.yarnpkg.com/@babel/helper-validator-identifier/-/helper-validator-identifier-7.14.5.tgz#d0f0e277c512e0c938277faa85a3968c9a44c0e8"
  integrity sha512-5lsetuxCLilmVGyiLEfoHBRX8UCFD+1m2x3Rj97WrW3V7H3u4RWRXA4evMjImCsin2J2YT0QaVDGf+z8ondbAg==

"@babel/parser@^7.12.0":
  version "7.14.7"
  resolved "https://registry.yarnpkg.com/@babel/parser/-/parser-7.14.7.tgz#6099720c8839ca865a2637e6c85852ead0bdb595"
  integrity sha512-X67Z5y+VBJuHB/RjwECp8kSl5uYi0BvRbNeWqkaJCVh+LiTPl19WBUfG627psSgp9rSf6ojuXghQM3ha6qHHdA==

"@babel/types@^7.12.0":
  version "7.14.5"
  resolved "https://registry.yarnpkg.com/@babel/types/-/types-7.14.5.tgz#3bb997ba829a2104cedb20689c4a5b8121d383ff"
  integrity sha512-M/NzBpEL95I5Hh4dwhin5JlE7EzO5PHMAuzjxss3tiOBD46KfQvVedN/3jEPZvdRvtsK2222XfdHogNIttFgcg==
  dependencies:
    "@babel/helper-validator-identifier" "^7.14.5"
    to-fast-properties "^2.0.0"

"@types/node@^15.12.4":
  version "15.12.4"
  resolved "https://registry.yarnpkg.com/@types/node/-/node-15.12.4.tgz#e1cf817d70a1e118e81922c4ff6683ce9d422e26"
  integrity sha512-zrNj1+yqYF4WskCMOHwN+w9iuD12+dGm0rQ35HLl9/Ouuq52cEtd0CH9qMgrdNmi5ejC1/V7vKEXYubB+65DkA==

"@vue/compiler-core@3.1.2":
  version "3.1.2"
  resolved "https://registry.yarnpkg.com/@vue/compiler-core/-/compiler-core-3.1.2.tgz#31ab1d88e1706a5c7a545faeeb64c31bd0101db0"
  integrity sha512-nHmq7vLjq/XM2IMbZUcKWoH5sPXa2uR/nIKZtjbK5F3TcbnYE/zKsrSUR9WZJ03unlwotNBX1OyxVt9HbWD7/Q==
  dependencies:
    "@babel/parser" "^7.12.0"
    "@babel/types" "^7.12.0"
    "@vue/shared" "3.1.2"
    estree-walker "^2.0.1"
    source-map "^0.6.1"

"@vue/compiler-dom@3.1.2":
  version "3.1.2"
  resolved "https://registry.yarnpkg.com/@vue/compiler-dom/-/compiler-dom-3.1.2.tgz#75a7731bcc5d9718183a3c56c18e992f7c13e7b1"
  integrity sha512-k2+SWcWH0jL6WQAX7Or2ONqu5MbtTgTO0dJrvebQYzgqaKMXNI90RNeWeCxS4BnNFMDONpHBeFgbwbnDWIkmRg==
  dependencies:
    "@vue/compiler-core" "3.1.2"
    "@vue/shared" "3.1.2"

"@vue/reactivity@3.1.2":
  version "3.1.2"
  resolved "https://registry.yarnpkg.com/@vue/reactivity/-/reactivity-3.1.2.tgz#66fa530dd726d2fef285ae55d02106a727db463b"
  integrity sha512-glJzJoN2xE7I2lRvwKM5u1BHRPTd1yc8iaf//Lai/78/uYAvE5DXp5HzWRFOwMlbRvMGJHIQjOqoxj87cDAaag==
  dependencies:
    "@vue/shared" "3.1.2"

"@vue/runtime-core@3.1.2":
  version "3.1.2"
  resolved "https://registry.yarnpkg.com/@vue/runtime-core/-/runtime-core-3.1.2.tgz#f4dbc503cfc9a02ab5f1ebe002c3322512064a54"
  integrity sha512-gsPZG4dRIkixuuKmoj4P9IHgfT0yaFLcqWOM5F/bCk0nxQn1XtxH8oUehWuET726KhbukvDoJfe9G2CKviy80w==
  dependencies:
    "@vue/reactivity" "3.1.2"
    "@vue/shared" "3.1.2"

"@vue/runtime-dom@3.1.2":
  version "3.1.2"
  resolved "https://registry.yarnpkg.com/@vue/runtime-dom/-/runtime-dom-3.1.2.tgz#0fd8724f14bc7ba64b6c954d874a8d8a4fcb5fe9"
  integrity sha512-QvINxjLucEZFzp5f0NVu7JqWYCv5TKQfkH2FDs/N6QNE4iKcYtKrWdT0HKfABnVXG28Znqv6rIH0dH4ZAOwxpA==
  dependencies:
    "@vue/runtime-core" "3.1.2"
    "@vue/shared" "3.1.2"
    csstype "^2.6.8"

"@vue/shared@3.1.2":
  version "3.1.2"
  resolved "https://registry.yarnpkg.com/@vue/shared/-/shared-3.1.2.tgz#1069c0bc7d6f4bd15ccf3a5f3be29450aca368f9"
  integrity sha512-EmH/poaDWBPJaPILXNI/1fvUbArJQmmTyVCwvvyDYDFnkPoTclAbHRAtyIvqfez7jybTDn077HTNILpxlsoWhg==

csstype@^2.6.8:
  version "2.6.17"
  resolved "https://registry.yarnpkg.com/csstype/-/csstype-2.6.17.tgz#4cf30eb87e1d1a005d8b6510f95292413f6a1c0e"
  integrity sha512-u1wmTI1jJGzCJzWndZo8mk4wnPTZd1eOIYTYvuEyOQGfmDl3TrabCCfKnOC86FZwW/9djqTl933UF/cS425i9A==

esbuild@^0.12.9:
  version "0.12.9"
  resolved "https://registry.yarnpkg.com/esbuild/-/esbuild-0.12.9.tgz#bed4e7087c286cd81d975631f77d47feb1660070"
  integrity sha512-MWRhAbMOJ9RJygCrt778rz/qNYgA4ZVj6aXnNPxFjs7PmIpb0fuB9Gmg5uWrr6n++XKwwm/RmSz6RR5JL2Ocsw==

estree-walker@^2.0.1:
  version "2.0.2"
  resolved "https://registry.yarnpkg.com/estree-walker/-/estree-walker-2.0.2.tgz#52f010178c2a4c117a7757cfe942adb7d2da4cac"
  integrity sha512-Rfkk/Mp/DL7JVje3u18FxFujQlTNR2q6QfMSMB7AvCBx91NGj/ba3kCfza0f6dVDbw7YlRf/nDrn7pQrCCyQ/w==

source-map@^0.6.1:
  version "0.6.1"
  resolved "https://registry.yarnpkg.com/source-map/-/source-map-0.6.1.tgz#74722af32e9614e9c287a8d0bbde48b5e2f1a263"
  integrity sha512-UjgapumWlbMhkBgzT7Ykc5YXUT46F0iKu8SGXq0bcwP5dz/h0Plj6enJqjz1Zbq2l5WaqYnrVbwWOWMyF3F47g==

to-fast-properties@^2.0.0:
  version "2.0.0"
  resolved "https://registry.yarnpkg.com/to-fast-properties/-/to-fast-properties-2.0.0.tgz#dc5e698cbd079265bc73e0377681a4e4e83f616e"
  integrity sha1-3F5pjL0HkmW8c+A3doGk5Og/YW4=

typescript@^4.3.4:
  version "4.3.4"
  resolved "https://registry.yarnpkg.com/typescript/-/typescript-4.3.4.tgz#3f85b986945bcf31071decdd96cf8bfa65f9dcbc"
  integrity sha512-uauPG7XZn9F/mo+7MrsRjyvbxFpzemRjKEZXS4AK83oP2KKOJPvb+9cO/gmnv8arWZvhnjVOXz7B49m1l0e9Ew==

vue@^3.1.2:
  version "3.1.2"
  resolved "https://registry.yarnpkg.com/vue/-/vue-3.1.2.tgz#647f8e3949a3d600771dca25d50225dc3e594c64"
  integrity sha512-q/rbKpb7aofax4ugqu2k/uj7BYuNPcd6Z5/qJtfkJQsE0NkwVoCyeSh7IZGH61hChwYn3CEkh4bHolvUPxlQ+w==
  dependencies:
    "@vue/compiler-dom" "3.1.2"
    "@vue/runtime-dom" "3.1.2"
    "@vue/shared" "3.1.2"
